
Microsoft Visual Studio Solution File, Format Version 12.00
# Visual Studio Version 16
VisualStudioVersion = 16.0.30711.63
MinimumVisualStudioVersion = 10.0.40219.1
Project("{FAE04EC0-301F-11D3-BF4B-00C04F79EFBC}") = "Day1p1", "AoC2020\Day1p1.csproj", "{55B4DE50-3395-4056-98D2-5807C216AC01}"
EndProject
Project("{FAE04EC0-301F-11D3-BF4B-00C04F79EFBC}") = "AoC2020_Tools", "AoC2020_Tools\AoC2020_Tools.csproj", "{D75DA04E-9192-4A9A-847D-A533DA102524}"
EndProject
Project("{FAE04EC0-301F-11D3-BF4B-00C04F79EFBC}") = "Day1p2", "Day1p2\Day1p2.csproj", "{DB256472-FA8C-4A01-9D12-599207703606}"
EndProject
Project("{FAE04EC0-301F-11D3-BF4B-00C04F79EFBC}") = "Day2p1", "Day2p1\Day2p1.csproj", "{C7EF79EA-7715-434D-83D5-3AC5130F9B66}"
EndProject
Project("{FAE04EC0-301F-11D3-BF4B-00C04F79EFBC}") = "Day3p1", "Day3p1\Day3p1.csproj", "{A26B078D-D03D-4405-A79D-41B19C8EAE90}"
EndProject
Project("{FAE04EC0-301F-11D3-BF4B-00C04F79EFBC}") = "Day4p1", "Day4p1\Day4p1.csproj", "{651FF744-1CA2-43FD-82F0-D42186950D59}"
EndProject
Global
	GlobalSection(SolutionConfigurationPlatforms) = preSolution
		Debug|Any CPU = Debug|Any CPU
		Release|Any CPU = Release|Any CPU
	EndGlobalSection
	GlobalSection(ProjectConfigurationPlatforms) = postSolution
		{55B4DE50-3395-4056-98D2-5807C216AC01}.Debug|Any CPU.ActiveCfg = Debug|Any CPU
		{55B4DE50-3395-4056-98D2-5807C216AC01}.Debug|Any CPU.Build.0 = Debug|Any CPU
		{55B4DE50-3395-4056-98D2-5807C216AC01}.Release|Any CPU.ActiveCfg = Release|Any CPU
		{55B4DE50-3395-4056-98D2-5807C216AC01}.Release|Any CPU.Build.0 = Release|Any CPU
		{D75DA04E-9192-4A9A-847D-A533DA102524}.Debug|Any CPU.ActiveCfg = Debug|Any CPU
		{D75DA04E-9192-4A9A-847D-A533DA102524}.Debug|Any CPU.Build.0 = Debug|Any CPU
		{D75DA04E-9192-4A9A-847D-A533DA102524}.Release|Any CPU.ActiveCfg = Release|Any CPU
		{D75DA04E-9192-4A9A-847D-A533DA102524}.Release|Any CPU.Build.0 = Release|Any CPU
		{DB256472-FA8C-4A01-9D12-599207703606}.Debug|Any CPU.ActiveCfg = Debug|Any CPU
		{DB256472-FA8C-4A01-9D12-599207703606}.Debug|Any CPU.Build.0 = Debug|Any CPU
		{DB256472-FA8C-4A01-9D12-599207703606}.Release|Any CPU.ActiveCfg = Release|Any CPU
		{DB256472-FA8C-4A01-9D12-599207703606}.Release|Any CPU.Build.0 = Release|Any CPU
		{C7EF79EA-7715-434D-83D5-3AC5130F9B66}.Debug|Any CPU.ActiveCfg = Debug|Any CPU
		{C7EF79EA-7715-434D-83D5-3AC5130F9B66}.Debug|Any CPU.Build.0 = Debug|Any CPU
		{C7EF79EA-7715-434D-83D5-3AC5130F9B66}.Release|Any CPU.ActiveCfg = Release|Any CPU
		{C7EF79EA-7715-434D-83D5-3AC5130F9B66}.Release|Any CPU.Build.0 = Release|Any CPU
		{A26B078D-D03D-4405-A79D-41B19C8EAE90}.Debug|Any CPU.ActiveCfg = Debug|Any CPU
		{A26B078D-D03D-4405-A79D-41B19C8EAE90}.Debug|Any CPU.Build.0 = Debug|Any CPU
		{A26B078D-D03D-4405-A79D-41B19C8EAE90}.Release|Any CPU.ActiveCfg = Release|Any CPU
		{A26B078D-D03D-4405-A79D-41B19C8EAE90}.Release|Any CPU.Build.0 = Release|Any CPU
		{651FF744-1CA2-43FD-82F0-D42186950D59}.Debug|Any CPU.ActiveCfg = Debug|Any CPU
		{651FF744-1CA2-43FD-82F0-D42186950D59}.Debug|Any CPU.Build.0 = Debug|Any CPU
		{651FF744-1CA2-43FD-82F0-D42186950D59}.Release|Any CPU.ActiveCfg = Release|Any CPU
		{651FF744-1CA2-43FD-82F0-D42186950D59}.Release|Any CPU.Build.0 = Release|Any CPU
	EndGlobalSection
	GlobalSection(SolutionProperties) = preSolution
		HideSolutionNode = FALSE
	EndGlobalSection
	GlobalSection(ExtensibilityGlobals) = postSolution
		SolutionGuid = {FC86FA4A-6ECD-47E3-A2E6-B596FE8CEC24}
	EndGlobalSection
EndGlobal
